
Microsoft Visual Studio Solution File, Format Version 12.00
# Visual Studio Version 17
VisualStudioVersion = 17.7.34202.233
MinimumVisualStudioVersion = 10.0.40219.1
Project("{FAE04EC0-301F-11D3-BF4B-00C04F79EFBC}") = "ResolutionFix", "ResolutionFix.csproj", "{F36829F6-C89C-447D-85CA-53F4411173C0}"
EndProject
Global
	GlobalSection(SolutionConfigurationPlatforms) = preSolution
		Debug|Any CPU = Debug|Any CPU
		Release|Any CPU = Release|Any CPU
	EndGlobalSection
	GlobalSection(ProjectConfigurationPlatforms) = postSolution
		{F36829F6-C89C-447D-85CA-53F4411173C0}.Debug|Any CPU.ActiveCfg = Debug|Any CPU
		{F36829F6-C89C-447D-85CA-53F4411173C0}.Debug|Any CPU.Build.0 = Debug|Any CPU
		{F36829F6-C89C-447D-85CA-53F4411173C0}.Release|Any CPU.ActiveCfg = Release|Any CPU
		{F36829F6-C89C-447D-85CA-53F4411173C0}.Release|Any CPU.Build.0 = Release|Any CPU
	EndGlobalSection
	GlobalSection(SolutionProperties) = preSolution
		HideSolutionNode = FALSE
	EndGlobalSection
	GlobalSection(ExtensibilityGlobals) = postSolution
		SolutionGuid = {D834DAB1-F007-43B0-B872-F24B68AC34DE}
	EndGlobalSection
EndGlobal
